<?xml version="1.0" encoding="utf-8"?>
<Project ToolsVersion="4.0" xmlns="http://schemas.microsoft.com/developer/msbuild/2003">
  <ItemGroup>
    <Filter Include="Source Files">
      <UniqueIdentifier>{4FC737F1-C7A5-4376-A066-2A32D752A2FF}</UniqueIdentifier>
      <Extensions>cpp;c;cc;cxx;c++;cppm;ixx;def;odl;idl;hpj;bat;asm;asmx</Extensions>
    </Filter>
    <Filter Include="Header Files">
      <UniqueIdentifier>{93995380-89BD-4b04-88EB-625FBE52EBFB}</UniqueIdentifier>
      <Extensions>h;hh;hpp;hxx;h++;hm;inl;inc;ipp;xsd</Extensions>
    </Filter>
    <Filter Include="Resource Files">
      <UniqueIdentifier>{67DA6AB6-F800-4c08-8B7A-83BB121AAD01}</UniqueIdentifier>
      <Extensions>rc;ico;cur;bmp;dlg;rc2;rct;bin;rgs;gif;jpg;jpeg;jpe;resx;tiff;tif;png;wav;mfcribbon-ms</Extensions>
    </Filter>
    <Filter Include="Shaders">
      <UniqueIdentifier>{0f46b656-b2d4-4ca4-87a1-6d1e298dac01}</UniqueIdentifier>
    </Filter>
    <Filter Include="Source Files\Library">
      <UniqueIdentifier>{bbbc734d-2678-41a3-a7a8-53f5a23487bb}</UniqueIdentifier>
    </Filter>
    <Filter Include="Resource Files\Textures">
      <UniqueIdentifier>{9a530181-c1f5-424c-9e57-3ab3801120fb}</UniqueIdentifier>
    </Filter>
    <Filter Include="Resource Files\3D models">
      <UniqueIdentifier>{27234f22-82ac-4013-bc7c-3928094880c6}</UniqueIdentifier>
    </Filter>
    <Filter Include="Lighting">
      <UniqueIdentifier>{86a4929c-a448-4fda-989a-005c6ceddffe}</UniqueIdentifier>
    </Filter>
  </ItemGroup>
  <ItemGroup>
    <ClCompile Include="Game.c">
      <Filter>Source Files</Filter>
    </ClCompile>
    <ClCompile Include="Shader.c">
      <Filter>Source Files</Filter>
    </ClCompile>
    <ClCompile Include="Cube.c">
      <Filter>Source Files</Filter>
    </ClCompile>
    <ClCompile Include="Input.c">
      <Filter>Source Files</Filter>
    </ClCompile>
    <ClCompile Include="Texture.c">
      <Filter>Source Files</Filter>
    </ClCompile>
    <ClCompile Include="glad.c">
      <Filter>Source Files\Library</Filter>
    </ClCompile>
    <ClCompile Include="Camera.c">
      <Filter>Source Files</Filter>
    </ClCompile>
    <ClCompile Include="Time.c">
      <Filter>Source Files</Filter>
    </ClCompile>
    <ClCompile Include="Scene.c">
      <Filter>Source Files</Filter>
    </ClCompile>
    <ClCompile Include="Skybox.c">
      <Filter>Source Files</Filter>
    </ClCompile>
    <ClCompile Include="lighting\DirectionalLight.c">
      <Filter>Lighting</Filter>
    </ClCompile>
    <ClCompile Include="lighting\LightManager.c">
      <Filter>Lighting</Filter>
    </ClCompile>
    <ClCompile Include="lighting\PointLight.c">
      <Filter>Lighting</Filter>
    </ClCompile>
  </ItemGroup>
  <ItemGroup>
    <ClInclude Include="Shader.h">
      <Filter>Header Files</Filter>
    </ClInclude>
    <ClInclude Include="Cube.h">
      <Filter>Header Files</Filter>
    </ClInclude>
    <ClInclude Include="Input.h">
      <Filter>Header Files</Filter>
    </ClInclude>
    <ClInclude Include="Texture.h">
      <Filter>Header Files</Filter>
    </ClInclude>
    <ClInclude Include="stb_image.h">
      <Filter>Source Files\Library</Filter>
    </ClInclude>
    <ClInclude Include="Camera.h">
      <Filter>Header Files</Filter>
    </ClInclude>
    <ClInclude Include="Time.h">
      <Filter>Header Files</Filter>
    </ClInclude>
    <ClInclude Include="Scene.h">
      <Filter>Header Files</Filter>
    </ClInclude>
    <ClInclude Include="Skybox.h">
      <Filter>Header Files</Filter>
    </ClInclude>
    <ClInclude Include="lighting\DirectionalLight.h">
      <Filter>Lighting</Filter>
    </ClInclude>
    <ClInclude Include="lighting\LightManager.h">
      <Filter>Lighting</Filter>
    </ClInclude>
    <ClInclude Include="lighting\PointLight.h">
      <Filter>Lighting</Filter>
    </ClInclude>
  </ItemGroup>
  <ItemGroup>
    <None Include="shader\fragment.glsl">
      <Filter>Shaders</Filter>
    </None>
    <None Include="shader\vertex.glsl">
      <Filter>Shaders</Filter>
    </None>
    <None Include="model\test.blend">
      <Filter>Resource Files\3D models</Filter>
    </None>
  </ItemGroup>
  <ItemGroup>
    <Image Include="texture\box.jpg">
      <Filter>Resource Files\Textures</Filter>
    </Image>
    <Image Include="texture\stone.jpg">
      <Filter>Resource Files\Textures</Filter>
    </Image>
    <Image Include="texture\skybox\1full.jpg">
      <Filter>Resource Files\Textures</Filter>
    </Image>
  </ItemGroup>
</Project>